
Microsoft Visual Studio Solution File, Format Version 12.00
# Visual Studio Version 17
VisualStudioVersion = 17.5.002.0
MinimumVisualStudioVersion = 10.0.40219.1
Project("{9A19103F-16F7-4668-BE54-9A1E7A4F7556}") = "ToDoGrpc", "ToDoGrpc.csproj", "{E45042AB-CBD2-4167-BBA2-FDBDCD58BDA3}"
EndProject
Global
	GlobalSection(SolutionConfigurationPlatforms) = preSolution
		Debug|Any CPU = Debug|Any CPU
		Release|Any CPU = Release|Any CPU
	EndGlobalSection
	GlobalSection(ProjectConfigurationPlatforms) = postSolution
		{E45042AB-CBD2-4167-BBA2-FDBDCD58BDA3}.Debug|Any CPU.ActiveCfg = Debug|Any CPU
		{E45042AB-CBD2-4167-BBA2-FDBDCD58BDA3}.Debug|Any CPU.Build.0 = Debug|Any CPU
		{E45042AB-CBD2-4167-BBA2-FDBDCD58BDA3}.Release|Any CPU.ActiveCfg = Release|Any CPU
		{E45042AB-CBD2-4167-BBA2-FDBDCD58BDA3}.Release|Any CPU.Build.0 = Release|Any CPU
	EndGlobalSection
	GlobalSection(SolutionProperties) = preSolution
		HideSolutionNode = FALSE
	EndGlobalSection
	GlobalSection(ExtensibilityGlobals) = postSolution
		SolutionGuid = {9CB0A7CD-07CF-47A5-AF9F-7E33B9772B5E}
	EndGlobalSection
EndGlobal
